{
  "name": "backend",
  "lockfileVersion": 3,
  "requires": true,
  "packages": {
    "": {
      "dependencies": {
        "texttospeech": "^0.2.0"
      }
    },
    "node_modules/texttospeech": {
      "version": "0.2.0",
      "resolved": "https://registry.npmjs.org/texttospeech/-/texttospeech-0.2.0.tgz",
      "integrity": "sha512-odLcuYtXq62SzD04KYwr0AsbFsiy4JnGF6yIoBHmjlB85TmgljvJ/oJ3N/6RETyG6ZuefaluJLKFTZGO8l2Bkg==",
      "license": "Unlicense"
    }
  }
}
